{
  "name": "lib-builder",
  "version": "0.0.1",
  "lockfileVersion": 1,
  "requires": true,
  "dependencies": {
    "@types/node": {
      "version": "7.10.2",
      "resolved": "https://registry.npmjs.org/@types/node/-/node-7.10.2.tgz",
      "integrity": "sha512-RO4ig5taKmcrU4Rex8ojG1gpwFkjddzug9iPQSDvbewHN9vDpcFewevkaOK+KT+w1LeZnxbgOyfXwV4pxsQ4GQ==",
      "dev": true
    },
    "typescript": {
      "version": "3.3.1",
      "resolved": "https://registry.npmjs.org/typescript/-/typescript-3.3.1.tgz",
      "integrity": "sha512-cTmIDFW7O0IHbn1DPYjkiebHxwtCMU+eTy30ZtJNBPF9j2O1ITu5XH2YnBeVRKWHqF+3JQwWJv0Q0aUgX8W7IA==",
      "dev": true
    }
  }
}
